
Microsoft Visual Studio Solution File, Format Version 12.00
# Visual Studio Version 17
VisualStudioVersion = 17.5.33424.131
MinimumVisualStudioVersion = 10.0.40219.1
Project("{FAE04EC0-301F-11D3-BF4B-00C04F79EFBC}") = "TROCO DE COMPRA", "TROCO DE COMPRA\TROCO DE COMPRA.csproj", "{D41AAE1B-37EB-4FE4-9D0D-EEEF9EAD6391}"
EndProject
Global
	GlobalSection(SolutionConfigurationPlatforms) = preSolution
		Debug|Any CPU = Debug|Any CPU
		Release|Any CPU = Release|Any CPU
	EndGlobalSection
	GlobalSection(ProjectConfigurationPlatforms) = postSolution
		{D41AAE1B-37EB-4FE4-9D0D-EEEF9EAD6391}.Debug|Any CPU.ActiveCfg = Debug|Any CPU
		{D41AAE1B-37EB-4FE4-9D0D-EEEF9EAD6391}.Debug|Any CPU.Build.0 = Debug|Any CPU
		{D41AAE1B-37EB-4FE4-9D0D-EEEF9EAD6391}.Release|Any CPU.ActiveCfg = Release|Any CPU
		{D41AAE1B-37EB-4FE4-9D0D-EEEF9EAD6391}.Release|Any CPU.Build.0 = Release|Any CPU
	EndGlobalSection
	GlobalSection(SolutionProperties) = preSolution
		HideSolutionNode = FALSE
	EndGlobalSection
	GlobalSection(ExtensibilityGlobals) = postSolution
		SolutionGuid = {890B10FE-7A98-486E-8980-C959E71E65EE}
	EndGlobalSection
EndGlobal
